
Microsoft Visual Studio Solution File, Format Version 12.00
# Visual Studio Version 16
VisualStudioVersion = 16.0.28917.181
MinimumVisualStudioVersion = 10.0.40219.1
Project("{9A19103F-16F7-4668-BE54-9A1E7A4F7556}") = "Integracao.Core", "Integracao.Core\Integracao.Core.csproj", "{A8F9BD10-2066-473D-A024-23AA835F1887}"
EndProject
Global
	GlobalSection(SolutionConfigurationPlatforms) = preSolution
		Debug|Any CPU = Debug|Any CPU
		Release|Any CPU = Release|Any CPU
	EndGlobalSection
	GlobalSection(ProjectConfigurationPlatforms) = postSolution
		{A8F9BD10-2066-473D-A024-23AA835F1887}.Debug|Any CPU.ActiveCfg = Debug|Any CPU
		{A8F9BD10-2066-473D-A024-23AA835F1887}.Debug|Any CPU.Build.0 = Debug|Any CPU
		{A8F9BD10-2066-473D-A024-23AA835F1887}.Release|Any CPU.ActiveCfg = Release|Any CPU
		{A8F9BD10-2066-473D-A024-23AA835F1887}.Release|Any CPU.Build.0 = Release|Any CPU
	EndGlobalSection
	GlobalSection(SolutionProperties) = preSolution
		HideSolutionNode = FALSE
	EndGlobalSection
	GlobalSection(ExtensibilityGlobals) = postSolution
		SolutionGuid = {9176079E-DFA0-4302-BA0C-36C200577CCC}
	EndGlobalSection
EndGlobal
